{
  "name": "loony-pg",
  "version": "0.1.0",
  "lockfileVersion": 3,
  "requires": true,
  "packages": {
    "": {
      "name": "loony-pg",
      "version": "0.1.0",
      "license": "ISC",
      "dependencies": {
        "loony-dotenv": "^0.1.0"
      }
    },
    "node_modules/loony-dotenv": {
      "version": "0.1.0",
      "resolved": "https://registry.npmjs.org/loony-dotenv/-/loony-dotenv-0.1.0.tgz",
      "integrity": "sha512-Q+bWcDqrvMRv/xfm9YGyXLYsX1TOoRWV/mLItVfaMZ3DF2y1dPLBpvhR7iPJzvoWMSbobwnQIqg7vWzt2BjLmA==",
      "license": "ISC"
    }
  }
}
